lockfileVersion: 5.4

specifiers:
  '@bitarray/typedarray': ^1.0.3
  '@black_hole/array-equals': ^1.1.3
  arg: ^5.0.1
  binary-parser: ^2.0.3
  bn.js: ^5.2.1
  dotenv: ^16.0.2
  node-fetch: ^3.2.10
  ton: ^12.1.3
  ton-contract-executor: ^0.5.2
  ton-crypto: ^3.2.0
  tonweb: ^0.0.38

dependencies:
  '@bitarray/typedarray': 1.1.0
  '@black_hole/array-equals': 1.1.3
  arg: 5.0.1
  binary-parser: 2.0.3
  bn.js: 5.2.1
  dotenv: 16.0.2
  node-fetch: 3.2.10
  ton: 12.1.3
  ton-contract-executor: 0.5.2_ton@12.1.3
  ton-crypto: 3.2.0
  tonweb: 0.0.38

packages:

  /@bitarray/typedarray/1.1.0:
    resolution: {integrity: sha512-MOgnziAhUw66eRNiUx8oPkT+172pqNMiQz2Gwl6HApUzdbBzw/ORlxCeaR1LoIOWETn6EnQeZrVygmVOK/ARxw==}
    dev: false

  /@black_hole/array-equals/1.1.3:
    resolution: {integrity: sha512-tRdzp19rmfbpRApJGMfw2S2+A4FyHvEs36oYQb27WrgkZZH+JYooHpbnOxuHuS3il27On+DbYRngGU5IvFCcug==}
    dev: false

  /@ledgerhq/devices/5.51.1:
    resolution: {integrity: sha512-4w+P0VkbjzEXC7kv8T1GJ/9AVaP9I6uasMZ/JcdwZBS3qwvKo5A5z9uGhP5c7TvItzcmPb44b5Mw2kT+WjUuAA==}
    dependencies:
      '@ledgerhq/errors': 5.50.0
      '@ledgerhq/logs': 5.50.0
      rxjs: 6.6.7
      semver: 7.3.7
    dev: false

  /@ledgerhq/errors/5.50.0:
    resolution: {integrity: sha512-gu6aJ/BHuRlpU7kgVpy2vcYk6atjB4iauP2ymF7Gk0ez0Y/6VSMVSJvubeEQN+IV60+OBK0JgeIZG7OiHaw8ow==}
    dev: false

  /@ledgerhq/hw-transport-web-ble/5.48.0:
    resolution: {integrity: sha512-ezgssFvxc4/UbfwIxwg9jEn0/yiND8TW6bDkaE3kAqKCa8ZYYgFtms8iRqjTOJlqcbSYkudbNhP74jtY0NxfdA==}
    dependencies:
      '@ledgerhq/devices': 5.51.1
      '@ledgerhq/errors': 5.50.0
      '@ledgerhq/hw-transport': 5.51.1
      '@ledgerhq/logs': 5.50.0
      rxjs: 6.6.7
    dev: false

  /@ledgerhq/hw-transport-webhid/5.48.0:
    resolution: {integrity: sha512-g6TYxgPX3MqP3jQ4SJaJjlM+2SwUSk4Si/9MeKLwz5ySbiD3bSTh/Gbzv8VBCaHPO4fILujc5vW/xejJuMzR8w==}
    dependencies:
      '@ledgerhq/devices': 5.51.1
      '@ledgerhq/errors': 5.50.0
      '@ledgerhq/hw-transport': 5.51.1
      '@ledgerhq/logs': 5.50.0
    dev: false

  /@ledgerhq/hw-transport-webusb/5.48.0:
    resolution: {integrity: sha512-tO+p11aRQx9q9ifmi/NCbCBKQ738lp+PROy1BWSzjCJcUEz1sKTLeRTLE2Xze25KebhuM2YR1NgkX5LN1z4upA==}
    dependencies:
      '@ledgerhq/devices': 5.51.1
      '@ledgerhq/errors': 5.50.0
      '@ledgerhq/hw-transport': 5.51.1
      '@ledgerhq/logs': 5.50.0
    dev: false

  /@ledgerhq/hw-transport/5.51.1:
    resolution: {integrity: sha512-6wDYdbWrw9VwHIcoDnqWBaDFyviyjZWv6H9vz9Vyhe4Qd7TIFmbTl/eWs6hZvtZBza9K8y7zD8ChHwRI4s9tSw==}
    dependencies:
      '@ledgerhq/devices': 5.51.1
      '@ledgerhq/errors': 5.50.0
      events: 3.3.0
    dev: false

  /@ledgerhq/logs/5.50.0:
    resolution: {integrity: sha512-swKHYCOZUGyVt4ge0u8a7AwNcA//h4nx5wIi0sruGye1IJ5Cva0GyK9L2/WdX+kWVTKp92ZiEo1df31lrWGPgA==}
    dev: false

  /@nodelib/fs.scandir/2.1.5:
    resolution: {integrity: sha512-vq24Bq3ym5HEQm2NKCr3yXDwjc7vTsEThRDnkp2DK9p1uqLR+DHurm/NOTo0KG7HYHU7eppKZj3MyqYuMBf62g==}
    engines: {node: '>= 8'}
    dependencies:
      '@nodelib/fs.stat': 2.0.5
      run-parallel: 1.2.0
    dev: false
    optional: true

  /@nodelib/fs.stat/2.0.5:
    resolution: {integrity: sha512-RkhPPp2zrqDAQA/2jNhnztcPAlv64XdhIp7a7454A5ovI7Bukxgt7MX7udwAu3zg1DcpPU0rz3VV1SeaqvY4+A==}
    engines: {node: '>= 8'}
    dev: false
    optional: true

  /@nodelib/fs.walk/1.2.8:
    resolution: {integrity: sha512-oGB+UxlgWcgQkgwo8GcEGwemoTFt3FIO9ababBmaGwXIoBKZ+GTy0pP185beGg7Llih/NSHSV2XAs1lnznocSg==}
    engines: {node: '>= 8'}
    dependencies:
      '@nodelib/fs.scandir': 2.1.5
      fastq: 1.13.0
    dev: false
    optional: true

  /@peculiar/asn1-schema/2.1.8:
    resolution: {integrity: sha512-u34H/bpqCdDuqrCVZvH0vpwFBT/dNEdNY+eE8u4IuC26yYnhDkXF4+Hliqca88Avbb7hyN2EF/eokyDdyS7G/A==}
    dependencies:
      asn1js: 3.0.5
      pvtsutils: 1.3.2
      tslib: 2.4.0
    dev: false

  /@peculiar/json-schema/1.1.12:
    resolution: {integrity: sha512-coUfuoMeIB7B8/NMekxaDzLhaYmp0HZNPEjYRm9goRou8UZIC3z21s0sL9AWoCw4EG876QyO3kYrc61WNF9B/w==}
    engines: {node: '>=8.0.0'}
    dependencies:
      tslib: 2.4.0
    dev: false

  /@peculiar/webcrypto/1.4.0:
    resolution: {integrity: sha512-U58N44b2m3OuTgpmKgf0LPDOmP3bhwNz01vAnj1mBwxBASRhptWYK+M3zG+HBkDqGQM+bFsoIihTW8MdmPXEqg==}
    engines: {node: '>=10.12.0'}
    dependencies:
      '@peculiar/asn1-schema': 2.1.8
      '@peculiar/json-schema': 1.1.12
      pvtsutils: 1.3.2
      tslib: 2.4.0
      webcrypto-core: 1.7.5
    dev: false

  /@scarf/scarf/1.1.1:
    resolution: {integrity: sha512-VGbKDbk1RFIaSmdVb0cNjjWJoRWRI/Weo23AjRCC2nryO0iAS8pzsToJfPVPtVs74WHw4L1UTADNdIYRLkirZQ==}
    requiresBuild: true
    dev: false

  /@unimodules/core/7.1.2:
    resolution: {integrity: sha512-lY+e2TAFuebD3vshHMIRqru3X4+k7Xkba4Wa7QsDBd+ex4c4N2dHAO61E2SrGD9+TRBD8w/o7mzK6ljbqRnbyg==}
    deprecated: 'replaced by the ''expo'' package, learn more: https://blog.expo.dev/whats-new-in-expo-modules-infrastructure-7a7cdda81ebc'
    requiresBuild: true
    dependencies:
      compare-versions: 3.6.0
    dev: false
    optional: true

  /@unimodules/react-native-adapter/6.3.9:
    resolution: {integrity: sha512-i9/9Si4AQ8awls+YGAKkByFbeAsOPgUNeLoYeh2SQ3ddjxJ5ZJDtq/I74clDnpDcn8zS9pYlcDJ9fgVJa39Glw==}
    deprecated: 'replaced by the ''expo'' package, learn more: https://blog.expo.dev/whats-new-in-expo-modules-infrastructure-7a7cdda81ebc'
    requiresBuild: true
    dependencies:
      expo-modules-autolinking: 0.0.3
      invariant: 2.2.4
    dev: false
    optional: true

  /ansi-styles/4.3.0:
    resolution: {integrity: sha512-zbB9rCJAT1rbjiVDb2hqKFHNYLxgtk8NURxZ3IZwD3F6NtxbXZQCnnSi1Lkx+IDohdPlFp222wVALIheZJQSEg==}
    engines: {node: '>=8'}
    dependencies:
      color-convert: 2.0.1
    dev: false
    optional: true

  /arg/5.0.1:
    resolution: {integrity: sha512-e0hDa9H2Z9AwFkk2qDlwhoMYE4eToKarchkQHovNdLTCYMHZHeRjI71crOh+dio4K6u1IcwubQqo79Ga4CyAQA==}
    dev: false

  /asmcrypto.js/0.22.0:
    resolution: {integrity: sha512-usgMoyXjMbx/ZPdzTSXExhMPur2FTdz/Vo5PVx2gIaBcdAAJNOFlsdgqveM8Cff7W0v+xrf9BwjOV26JSAF9qA==}
    dev: false

  /asn1js/3.0.5:
    resolution: {integrity: sha512-FVnvrKJwpt9LP2lAMl8qZswRNm3T4q9CON+bxldk2iwk3FFpuwhx2FfinyitizWHsVYyaY+y5JzDR0rCMV5yTQ==}
    engines: {node: '>=12.0.0'}
    dependencies:
      pvtsutils: 1.3.2
      pvutils: 1.1.3
      tslib: 2.4.0
    dev: false

  /at-least-node/1.0.0:
    resolution: {integrity: sha512-+q/t7Ekv1EDY2l6Gda6LLiX14rU9TV20Wa3ofeQmwPFZbOMo9DXrLbOjFaaclkXKWidIaopwAObQDqwWtGUjqg==}
    engines: {node: '>= 4.0.0'}
    dev: false
    optional: true

  /axios/0.25.0:
    resolution: {integrity: sha512-cD8FOb0tRH3uuEe6+evtAbgJtfxr7ly3fQjYcMcuPlgkwVS9xboaVIpcDV+cYQe+yGykgwZCs1pzjntcGa6l5g==}
    dependencies:
      follow-redirects: 1.15.2
    transitivePeerDependencies:
      - debug
    dev: false

  /b64-lite/1.4.0:
    resolution: {integrity: sha512-aHe97M7DXt+dkpa8fHlCcm1CnskAHrJqEfMI0KN7dwqlzml/aUe1AGt6lk51HzrSfVD67xOso84sOpr+0wIe2w==}
    dependencies:
      base-64: 0.1.0
    dev: false

  /b64u-lite/1.1.0:
    resolution: {integrity: sha512-929qWGDVCRph7gQVTC6koHqQIpF4vtVaSbwLltFQo44B1bYUquALswZdBKFfrJCPEnsCOvWkJsPdQYZ/Ukhw8A==}
    dependencies:
      b64-lite: 1.4.0
    dev: false

  /balanced-match/1.0.2:
    resolution: {integrity: sha512-3oSeUO0TMV67hN1AmbXsK4yaqU7tjiHlbxRDZOpH0KW9+CeX4bRAaX0Anxt0tx2MrpRpWwQaPwIlISEJhYU5Pw==}
    dev: false

  /base-64/0.1.0:
    resolution: {integrity: sha512-Y5gU45svrR5tI2Vt/X9GPd3L0HNIKzGu202EjxrXMpuc2V2CiKgemAbUUsqYmZJvPtCXoUKjNZwBJzsNScUbXA==}
    dev: false

  /base64-js/1.5.1:
    resolution: {integrity: sha512-AKpaYlHn8t4SVbOHCy+b5+KKgvR4vrsD8vbvrbiQJps7fKDTkjkDry6ji0rUJjC0kzbNePLwzxq8iypo41qeWA==}
    dev: false
    optional: true

  /binary-parser/2.0.3:
    resolution: {integrity: sha512-ACepwK4uWahyhhSQYErkUFJnDI4qjvZXBuJy397yPLE6KVQiiZ5t+GlUBxHdGrH09H0wXSzSMjWv1I/FqNGBZQ==}
    engines: {node: '>=12'}
    dev: false

  /bn.js/4.11.6:
    resolution: {integrity: sha512-XWwnNNFCuuSQ0m3r3C4LE3EiORltHd9M05pq6FOlVeiophzRbMo50Sbz1ehl8K3Z+jw9+vmgnXefY1hz8X+2wA==}
    dev: false

  /bn.js/5.1.1:
    resolution: {integrity: sha512-IUTD/REb78Z2eodka1QZyyEk66pciRcP6Sroka0aI3tG/iwIdYLrBD62RsubR7vqdt3WyX8p4jxeatzmRSphtA==}
    dev: false

  /bn.js/5.2.0:
    resolution: {integrity: sha512-D7iWRBvnZE8ecXiLj/9wbxH7Tk79fAh8IHaTNq1RWRixsS02W+5qS+iE9yq6RYl0asXx5tw0bLhmT5pIfbSquw==}
    dev: false

  /bn.js/5.2.1:
    resolution: {integrity: sha512-eXRvHzWyYPBuB4NBy0cmYQjGitUrtqwbvlzP3G6VFnNRbsZQIxQ10PbKKHt8gZ/HW/D/747aDl+QkDqg3KQLMQ==}
    dev: false

  /brace-expansion/1.1.11:
    resolution: {integrity: sha512-iCuPHDFgrHX7H2vEI/5xpz07zSHB00TpugqhmYtVmMO6518mCuRMoOYFldEBl0g187ufozdaHgWKcYFb61qGiA==}
    dependencies:
      balanced-match: 1.0.2
      concat-map: 0.0.1
    dev: false

  /braces/3.0.2:
    resolution: {integrity: sha512-b8um+L1RzM3WDSzvhm6gIz1yfTbBt6YTlcEKAvsmqCZZFw46z626lVj9j1yEPW33H5H+lBQpZMP1k8l+78Ha0A==}
    engines: {node: '>=8'}
    dependencies:
      fill-range: 7.0.1
    dev: false
    optional: true

  /chalk/4.1.2:
    resolution: {integrity: sha512-oKnbhFyRIXpUuez8iBMmyEa4nbj4IOQyuhc/wy9kY7/WVPcwIO9VA668Pu8RkO7+0G76SLROeyw9CpQ061i4mA==}
    engines: {node: '>=10'}
    dependencies:
      ansi-styles: 4.3.0
      supports-color: 7.2.0
    dev: false
    optional: true

  /color-convert/2.0.1:
    resolution: {integrity: sha512-RRECPsj7iu/xb5oKYcsFHSppFNnsj/52OVTRKb4zP5onXwVF3zVmmToNcOfGC+CRDpfK/U584fMg38ZHCaElKQ==}
    engines: {node: '>=7.0.0'}
    dependencies:
      color-name: 1.1.4
    dev: false
    optional: true

  /color-name/1.1.4:
    resolution: {integrity: sha512-dOy+3AuW3a2wNbZHIuMZpTcgjGuLU/uBL/ubcZF9OXbDo8ff4O8yVp5Bf0efS8uEoYo5q4Fx7dY9OgQGXgAsQA==}
    dev: false
    optional: true

  /commander/7.2.0:
    resolution: {integrity: sha512-QrWXB+ZQSVPmIWIhtEO9H+gwHaMGYiF5ChvoJ+K9ZGHG/sVsa6yiesAD1GC/x46sET00Xlwo1u49RVVVzvcSkw==}
    engines: {node: '>= 10'}
    dev: false
    optional: true

  /compare-versions/3.6.0:
    resolution: {integrity: sha512-W6Af2Iw1z4CB7q4uU4hv646dW9GQuBM+YpC0UvUCWSD8w90SJjp+ujJuXaEMtAXBtSqGfMPuFOVn4/+FlaqfBA==}
    dev: false
    optional: true

  /concat-map/0.0.1:
    resolution: {integrity: sha512-/Srv4dswyQNBfohGpz9o6Yb3Gz3SrUDqBH5rTuhGR7ahtlbYKnVxw2bCFMRljaA7EXHaXZ8wsHdodFvbkhKmqg==}
    dev: false

  /data-uri-to-buffer/4.0.0:
    resolution: {integrity: sha512-Vr3mLBA8qWmcuschSLAOogKgQ/Jwxulv3RNE4FXnYWRGujzrRWQI4m12fQqRkwX06C0KanhLr4hK+GydchZsaA==}
    engines: {node: '>= 12'}
    dev: false

  /dataloader/2.1.0:
    resolution: {integrity: sha512-qTcEYLen3r7ojZNgVUaRggOI+KM7jrKxXeSHhogh/TWxYMeONEMqY+hmkobiYQozsGIyg9OYVzO4ZIfoB4I0pQ==}
    dev: false

  /dotenv/16.0.2:
    resolution: {integrity: sha512-JvpYKUmzQhYoIFgK2MOnF3bciIZoItIIoryihy0rIA+H4Jy0FmgyKYAHCTN98P5ybGSJcIFbh6QKeJdtZd1qhA==}
    engines: {node: '>=12'}
    dev: false

  /ethjs-unit/0.1.6:
    resolution: {integrity: sha512-/Sn9Y0oKl0uqQuvgFk/zQgR7aw1g36qX/jzSQ5lSwlO0GigPymk4eGQfeNTD03w1dPOqfz8V77Cy43jH56pagw==}
    engines: {node: '>=6.5.0', npm: '>=3'}
    dependencies:
      bn.js: 4.11.6
      number-to-bn: 1.7.0
    dev: false

  /events/3.3.0:
    resolution: {integrity: sha512-mQw+2fkQbALzQ7V0MY0IqdnXNOeTtP4r0lN9z7AAawCXgqea7bDii20AYrIBrFd/Hx0M2Ocz6S111CaFkUcb0Q==}
    engines: {node: '>=0.8.x'}
    dev: false

  /expo-modules-autolinking/0.0.3:
    resolution: {integrity: sha512-azkCRYj/DxbK4udDuDxA9beYzQTwpJ5a9QA0bBgha2jHtWdFGF4ZZWSY+zNA5mtU3KqzYt8jWHfoqgSvKyu1Aw==}
    hasBin: true
    dependencies:
      chalk: 4.1.2
      commander: 7.2.0
      fast-glob: 3.2.11
      find-up: 5.0.0
      fs-extra: 9.1.0
    dev: false
    optional: true

  /expo-random/12.2.0:
    resolution: {integrity: sha512-SihCGLmDyDOALzBN8XXpz2hCw0RSx9c4/rvjcS4Bfqhw6luHjL2rHNTLrFYrPrPRmG1jHM6dXXJe/Zm8jdu+2g==}
    requiresBuild: true
    peerDependencies:
      expo: '*'
    dependencies:
      base64-js: 1.5.1
    dev: false
    optional: true

  /fast-glob/3.2.11:
    resolution: {integrity: sha512-xrO3+1bxSo3ZVHAnqzyuewYT6aMFHRAd4Kcs92MAonjwQZLsK9d0SF1IyQ3k5PoirxTW0Oe/RqFgMQ6TcNE5Ew==}
    engines: {node: '>=8.6.0'}
    dependencies:
      '@nodelib/fs.stat': 2.0.5
      '@nodelib/fs.walk': 1.2.8
      glob-parent: 5.1.2
      merge2: 1.4.1
      micromatch: 4.0.5
    dev: false
    optional: true

  /fastq/1.13.0:
    resolution: {integrity: sha512-YpkpUnK8od0o1hmeSc7UUs/eB/vIPWJYjKck2QKIzAf71Vm1AAQ3EbuZB3g2JIy+pg+ERD0vqI79KyZiB2e2Nw==}
    dependencies:
      reusify: 1.0.4
    dev: false
    optional: true

  /fetch-blob/3.2.0:
    resolution: {integrity: sha512-7yAQpD2UMJzLi1Dqv7qFYnPbaPx7ZfFK6PiIxQ4PfkGPyNyl2Ugx+a/umUonmKqjhM4DnfbMvdX6otXq83soQQ==}
    engines: {node: ^12.20 || >= 14.13}
    dependencies:
      node-domexception: 1.0.0
      web-streams-polyfill: 3.2.1
    dev: false

  /fill-range/7.0.1:
    resolution: {integrity: sha512-qOo9F+dMUmC2Lcb4BbVvnKJxTPjCm+RRpe4gDuGrzkL7mEVl/djYSu2OdQ2Pa302N4oqkSg9ir6jaLWJ2USVpQ==}
    engines: {node: '>=8'}
    dependencies:
      to-regex-range: 5.0.1
    dev: false
    optional: true

  /find-up/5.0.0:
    resolution: {integrity: sha512-78/PXT1wlLLDgTzDs7sjq9hzz0vXD+zn+7wypEe4fXQxCmdmqfGsEPQxmiCSQI3ajFV91bVSsvNtrJRiW6nGng==}
    engines: {node: '>=10'}
    dependencies:
      locate-path: 6.0.0
      path-exists: 4.0.0
    dev: false
    optional: true

  /follow-redirects/1.15.2:
    resolution: {integrity: sha512-VQLG33o04KaQ8uYi2tVNbdrWp1QWxNNea+nmIB4EVM28v0hmP17z7aG1+wAkNzVq4KeXTq3221ye5qTJP91JwA==}
    engines: {node: '>=4.0'}
    peerDependencies:
      debug: '*'
    peerDependenciesMeta:
      debug:
        optional: true
    dev: false

  /formdata-polyfill/4.0.10:
    resolution: {integrity: sha512-buewHzMvYL29jdeQTVILecSaZKnt/RJWjoZCF5OW60Z67/GmSLBkOFM7qh1PI3zFNtJbaZL5eQu1vLfazOwj4g==}
    engines: {node: '>=12.20.0'}
    dependencies:
      fetch-blob: 3.2.0
    dev: false

  /fp-ts/2.12.3:
    resolution: {integrity: sha512-8m0XvW8kZbfnJOA4NvSVXu95mLbPf4LQGwQyqVukIYS4KzSNJiyKSmuZUmbVHteUi6MGkAJGPb0goPZqI+Tsqg==}
    dev: false

  /fs-extra/9.1.0:
    resolution: {integrity: sha512-hcg3ZmepS30/7BSFqRvoo3DOMQu7IjqxO5nCDt+zM9XWjb33Wg7ziNT+Qvqbuc3+gWpzO02JubVyk2G4Zvo1OQ==}
    engines: {node: '>=10'}
    dependencies:
      at-least-node: 1.0.0
      graceful-fs: 4.2.10
      jsonfile: 6.1.0
      universalify: 2.0.0
    dev: false
    optional: true

  /fs.realpath/1.0.0:
    resolution: {integrity: sha512-OO0pH2lK6a0hZnAdau5ItzHPI6pUlvI7jMVnxUQRtw4owF2wk8lOSabtGDCTP4Ggrg2MbGnWO9X8K1t4+fGMDw==}
    dev: false

  /glob-parent/5.1.2:
    resolution: {integrity: sha512-AOIgSQCepiJYwP3ARnGx+5VnTu2HBYdzbGP45eLw1vr3zB3vZLeyed1sC9hnbcOc9/SrMyM5RPQrkGz4aS9Zow==}
    engines: {node: '>= 6'}
    dependencies:
      is-glob: 4.0.3
    dev: false
    optional: true

  /glob/7.2.3:
    resolution: {integrity: sha512-nFR0zLpU2YCaRxwoCJvL6UvCH2JFyFVIvwTLsIf21AuHlMskA1hhTdk+LlYJtOlYt9v6dvszD2BGRqBL+iQK9Q==}
    dependencies:
      fs.realpath: 1.0.0
      inflight: 1.0.6
      inherits: 2.0.4
      minimatch: 3.1.2
      once: 1.4.0
      path-is-absolute: 1.0.1
    dev: false

  /graceful-fs/4.2.10:
    resolution: {integrity: sha512-9ByhssR2fPVsNZj478qUUbKfmL0+t5BDVyjShtyZZLiK7ZDAArFFfopyOTj0M05wE2tJPisA4iTnnXl2YoPvOA==}
    dev: false
    optional: true

  /has-flag/4.0.0:
    resolution: {integrity: sha512-EykJT/Q1KjTWctppgIAgfSO0tKVuZUjhgMr17kqTumMl6Afv3EISleU7qZUzoXDFTAHTDC4NOoG/ZxU3EvlMPQ==}
    engines: {node: '>=8'}
    dev: false
    optional: true

  /inflight/1.0.6:
    resolution: {integrity: sha512-k92I/b08q4wvFscXCLvqfsHCrjrF7yiXsQuIVvVE7N82W3+aqpzuUdBbfhWcy/FZR3/4IgflMgKLOsvPDrGCJA==}
    dependencies:
      once: 1.4.0
      wrappy: 1.0.2
    dev: false

  /inherits/2.0.4:
    resolution: {integrity: sha512-k/vGaX4/Yla3WzyMCvTQOXYeIHvqOKtnqBduzTHpzpQZzAskKMhZ2K+EnBiSM9zGSoIFeMpXKxa4dYeZIQqewQ==}
    dev: false

  /invariant/2.2.4:
    resolution: {integrity: sha512-phJfQVBuaJM5raOpJjSfkiD6BpbCE4Ns//LaXl6wGYtUBY83nWS6Rf9tXm2e8VaK60JEjYldbPif/A2B1C2gNA==}
    dependencies:
      loose-envify: 1.4.0
    dev: false
    optional: true

  /io-ts-reporters/2.0.1_fp-ts@2.12.3+io-ts@2.2.18:
    resolution: {integrity: sha512-RVpLstYBsmTGgCW9wJ5KVyN/eRnRUDp87Flt4D1O3aJ7oAnd8csq8aXuu7ZeNK8qEDKmjUl9oUuzfwikaNAMKQ==}
    peerDependencies:
      fp-ts: ^2.10.5
      io-ts: ^2.2.16
    dependencies:
      '@scarf/scarf': 1.1.1
      fp-ts: 2.12.3
      io-ts: 2.2.18_fp-ts@2.12.3
    dev: false

  /io-ts/2.2.18_fp-ts@2.12.3:
    resolution: {integrity: sha512-3JxUUzRtPQPs5sOwB7pW0+Xb54nOzqA6M1sRB1hwgsRmkWMeGTjtOrCynGTJhIj+mBLUj2S37DAq2+BrPh9kTQ==}
    peerDependencies:
      fp-ts: ^2.5.0
    dependencies:
      fp-ts: 2.12.3
    dev: false

  /is-extglob/2.1.1:
    resolution: {integrity: sha1-qIwCU1eR8C7TfHahueqXc8gz+MI=}
    engines: {node: '>=0.10.0'}
    dev: false
    optional: true

  /is-glob/4.0.3:
    resolution: {integrity: sha512-xelSayHH36ZgE7ZWhli7pW34hNbNl8Ojv5KVmkJD4hBdD3th8Tfk9vYasLM+mXWOZhFkgZfxhLSnrwRr4elSSg==}
    engines: {node: '>=0.10.0'}
    dependencies:
      is-extglob: 2.1.1
    dev: false
    optional: true

  /is-hex-prefixed/1.0.0:
    resolution: {integrity: sha512-WvtOiug1VFrE9v1Cydwm+FnXd3+w9GaeVUss5W4v/SLy3UW00vP+6iNF2SdnfiBoLy4bTqVdkftNGTUeOFVsbA==}
    engines: {node: '>=6.5.0', npm: '>=3'}
    dev: false

  /is-number/7.0.0:
    resolution: {integrity: sha512-41Cifkg6e8TylSpdtTpeLVMqvSBEVzTttHvERD741+pnZ8ANv0004MRL43QKPDlK9cGvNp6NZWZUBlbGXYxxng==}
    engines: {node: '>=0.12.0'}
    dev: false
    optional: true

  /isomorphic-webcrypto/2.3.8:
    resolution: {integrity: sha512-XddQSI0WYlSCjxtm1AI8kWQOulf7hAN3k3DclF1sxDJZqOe0pcsOt675zvWW91cZH9hYs3nlA3Ev8QK5i80SxQ==}
    dependencies:
      '@peculiar/webcrypto': 1.4.0
      asmcrypto.js: 0.22.0
      b64-lite: 1.4.0
      b64u-lite: 1.1.0
      msrcrypto: 1.5.8
      str2buf: 1.3.0
      webcrypto-shim: 0.1.7
    optionalDependencies:
      '@unimodules/core': 7.1.2
      '@unimodules/react-native-adapter': 6.3.9
      expo-random: 12.2.0
      react-native-securerandom: 0.1.1
    transitivePeerDependencies:
      - expo
      - react-native
    dev: false

  /js-tokens/4.0.0:
    resolution: {integrity: sha512-RdJUflcE3cUzKiMqQgsCu06FPu9UdIJO0beYbPhHN4k6apgJtifcoCtT9bcxOpYBtpD2kCM6Sbzg4CausW/PKQ==}
    dev: false
    optional: true

  /jsonfile/6.1.0:
    resolution: {integrity: sha512-5dgndWOriYSm5cnYaJNhalLNDKOqFwyDB/rr1E9ZsGciGvKPs8R2xYGCacuf3z6K1YKDz182fd+fY3cn3pMqXQ==}
    dependencies:
      universalify: 2.0.0
    optionalDependencies:
      graceful-fs: 4.2.10
    dev: false
    optional: true

  /jssha/3.2.0:
    resolution: {integrity: sha512-QuruyBENDWdN4tZwJbQq7/eAK85FqrI4oDbXjy5IBhYD+2pTJyBUWZe8ctWaCkrV0gy6AaelgOZZBMeswEa/6Q==}
    dev: false

  /locate-path/6.0.0:
    resolution: {integrity: sha512-iPZK6eYjbxRu3uB4/WZ3EsEIMJFMqAoopl3R+zuq0UjcAm/MO6KCweDgPfP3elTztoKP3KtnVHxTn2NHBSDVUw==}
    engines: {node: '>=10'}
    dependencies:
      p-locate: 5.0.0
    dev: false
    optional: true

  /loose-envify/1.4.0:
    resolution: {integrity: sha512-lyuxPGr/Wfhrlem2CL/UcnUc1zcqKAImBDzukY7Y5F/yQiNdko6+fRLevlw1HgMySw7f611UIY408EtxRSoK3Q==}
    hasBin: true
    dependencies:
      js-tokens: 4.0.0
    dev: false
    optional: true

  /lru-cache/6.0.0:
    resolution: {integrity: sha512-Jo6dJ04CmSjuznwJSS3pUeWmd/H0ffTlkXXgwZi+eq1UCmqQwCh+eLsYOYCwY991i2Fah4h1BEMCx4qThGbsiA==}
    engines: {node: '>=10'}
    dependencies:
      yallist: 4.0.0
    dev: false

  /merge2/1.4.1:
    resolution: {integrity: sha512-8q7VEgMJW4J8tcfVPy8g09NcQwZdbwFEqhe/WZkoIzjn/3TGDwtOCYtXGxA3O8tPzpczCCDgv+P2P5y00ZJOOg==}
    engines: {node: '>= 8'}
    dev: false
    optional: true

  /micromatch/4.0.5:
    resolution: {integrity: sha512-DMy+ERcEW2q8Z2Po+WNXuw3c5YaUSFjAO5GsJqfEl7UjvtIuFKO6ZrKvcItdy98dwFI2N1tg3zNIdKaQT+aNdA==}
    engines: {node: '>=8.6'}
    dependencies:
      braces: 3.0.2
      picomatch: 2.3.1
    dev: false
    optional: true

  /minimatch/3.1.2:
    resolution: {integrity: sha512-J7p63hRiAjw1NDEww1W7i37+ByIrOWO5XQQAzZ3VOcL0PNybwpfmV/N05zFAzwQ9USyEcX6t3UO+K5aqBQOIHw==}
    dependencies:
      brace-expansion: 1.1.11
    dev: false

  /msrcrypto/1.5.8:
    resolution: {integrity: sha512-ujZ0TRuozHKKm6eGbKHfXef7f+esIhEckmThVnz7RNyiOJd7a6MXj2JGBoL9cnPDW+JMG16MoTUh5X+XXjI66Q==}
    dev: false

  /node-domexception/1.0.0:
    resolution: {integrity: sha512-/jKZoMpw0F8GRwl4/eLROPA3cfcXtLApP0QzLmUT/HuPCZWyB7IY9ZrMeKw2O/nFIqPQB3PVM9aYm0F312AXDQ==}
    engines: {node: '>=10.5.0'}
    dev: false

  /node-fetch/2.6.7:
    resolution: {integrity: sha512-ZjMPFEfVx5j+y2yF35Kzx5sF7kDzxuDj6ziH4FFbOp87zKDZNx8yExJIb05OGF4Nlt9IHFIMBkRl41VdvcNdbQ==}
    engines: {node: 4.x || >=6.0.0}
    peerDependencies:
      encoding: ^0.1.0
    peerDependenciesMeta:
      encoding:
        optional: true
    dependencies:
      whatwg-url: 5.0.0
    dev: false

  /node-fetch/3.2.10:
    resolution: {integrity: sha512-MhuzNwdURnZ1Cp4XTazr69K0BTizsBroX7Zx3UgDSVcZYKF/6p0CBe4EUb/hLqmzVhl0UpYfgRljQ4yxE+iCxA==}
    engines: {node: ^12.20.0 || ^14.13.1 || >=16.0.0}
    dependencies:
      data-uri-to-buffer: 4.0.0
      fetch-blob: 3.2.0
      formdata-polyfill: 4.0.10
    dev: false

  /number-to-bn/1.7.0:
    resolution: {integrity: sha512-wsJ9gfSz1/s4ZsJN01lyonwuxA1tml6X1yBDnfpMglypcBRFZZkus26EdPSlqS5GJfYddVZa22p3VNb3z5m5Ig==}
    engines: {node: '>=6.5.0', npm: '>=3'}
    dependencies:
      bn.js: 4.11.6
      strip-hex-prefix: 1.0.0
    dev: false

  /once/1.4.0:
    resolution: {integrity: sha512-lNaJgI+2Q5URQBkccEKHTQOPaXdUxnZZElQTZY0MFUAuaEqe1E+Nyvgdz/aIyNi6Z9MzO5dv1H8n58/GELp3+w==}
    dependencies:
      wrappy: 1.0.2
    dev: false

  /p-limit/3.1.0:
    resolution: {integrity: sha512-TYOanM3wGwNGsZN2cVTYPArw454xnXj5qmWF1bEoAc4+cU/ol7GVh7odevjp1FNHduHc3KZMcFduxU5Xc6uJRQ==}
    engines: {node: '>=10'}
    dependencies:
      yocto-queue: 0.1.0
    dev: false
    optional: true

  /p-locate/5.0.0:
    resolution: {integrity: sha512-LaNjtRWUBY++zB5nE/NwcaoMylSPk+S+ZHNB1TzdbMJMny6dynpAGt7X/tl/QYq3TIeE6nxHppbo2LGymrG5Pw==}
    engines: {node: '>=10'}
    dependencies:
      p-limit: 3.1.0
    dev: false
    optional: true

  /path-exists/4.0.0:
    resolution: {integrity: sha512-ak9Qy5Q7jYb2Wwcey5Fpvg2KoAc/ZIhLSLOSBmRmygPsGwkVVt0fZa0qrtMz+m6tJTAHfZQ8FnmB4MG4LWy7/w==}
    engines: {node: '>=8'}
    dev: false
    optional: true

  /path-is-absolute/1.0.1:
    resolution: {integrity: sha512-AVbw3UJ2e9bq64vSaS9Am0fje1Pa8pbGqTTsmXfaIiMpnr5DlDhfJOuLj9Sf95ZPVDAUerDfEk88MPmPe7UCQg==}
    engines: {node: '>=0.10.0'}
    dev: false

  /picomatch/2.3.1:
    resolution: {integrity: sha512-JU3teHTNjmE2VCGFzuY8EXzCDVwEqB2a8fsIvwaStHhAWJEeVd1o1QD80CU6+ZdEXXSLbSsuLwJjkCBWqRQUVA==}
    engines: {node: '>=8.6'}
    dev: false
    optional: true

  /pvtsutils/1.3.2:
    resolution: {integrity: sha512-+Ipe2iNUyrZz+8K/2IOo+kKikdtfhRKzNpQbruF2URmqPtoqAs8g3xS7TJvFF2GcPXjh7DkqMnpVveRFq4PgEQ==}
    dependencies:
      tslib: 2.4.0
    dev: false

  /pvutils/1.1.3:
    resolution: {integrity: sha512-pMpnA0qRdFp32b1sJl1wOJNxZLQ2cbQx+k6tjNtZ8CpvVhNqEPRgivZ2WOUev2YMajecdH7ctUPDvEe87nariQ==}
    engines: {node: '>=6.0.0'}
    dev: false

  /queue-microtask/1.2.3:
    resolution: {integrity: sha512-NuaNSa6flKT5JaSYQzJok04JzTL1CA6aGhv5rfLW3PgqA+M2ChpZQnAC8h8i4ZFkBS8X5RqkDBHA7r4hej3K9A==}
    dev: false
    optional: true

  /react-native-securerandom/0.1.1:
    resolution: {integrity: sha512-CozcCx0lpBLevxiXEb86kwLRalBCHNjiGPlw3P7Fi27U6ZLdfjOCNRHD1LtBKcvPvI3TvkBXB3GOtLvqaYJLGw==}
    requiresBuild: true
    peerDependencies:
      react-native: '*'
    dependencies:
      base64-js: 1.5.1
    dev: false
    optional: true

  /reusify/1.0.4:
    resolution: {integrity: sha512-U9nH88a3fc/ekCF1l0/UP1IosiuIjyTh7hBvXVMHYgVcfGvt897Xguj2UOLDeI5BG2m7/uwyaLVT6fbtCwTyzw==}
    engines: {iojs: '>=1.0.0', node: '>=0.10.0'}
    dev: false
    optional: true

  /rimraf/3.0.2:
    resolution: {integrity: sha512-JZkJMZkAGFFPP2YqXZXPbMlMBgsxzE8ILs4lMIX/2o0L9UBw9O/Y3o6wFw/i9YLapcUJWwqbi3kdxIPdC62TIA==}
    hasBin: true
    dependencies:
      glob: 7.2.3
    dev: false

  /run-parallel/1.2.0:
    resolution: {integrity: sha512-5l4VyZR86LZ/lDxZTR6jqL8AFE2S0IFLMP26AbjsLVADxHdhB/c0GUsH+y39UfCi3dzz8OlQuPmnaJOMoDHQBA==}
    dependencies:
      queue-microtask: 1.2.3
    dev: false
    optional: true

  /rxjs/6.6.7:
    resolution: {integrity: sha512-hTdwr+7yYNIT5n4AMYp85KA6yw2Va0FLa3Rguvbpa4W3I5xynaBZo41cM3XM+4Q6fRMj3sBYIR1VAmZMXYJvRQ==}
    engines: {npm: '>=2.0.0'}
    dependencies:
      tslib: 1.14.1
    dev: false

  /semver/7.3.7:
    resolution: {integrity: sha512-QlYTucUYOews+WeEujDoEGziz4K6c47V/Bd+LjSSYcA94p+DmINdf7ncaUinThfvZyu13lN9OY1XDxt8C0Tw0g==}
    engines: {node: '>=10'}
    hasBin: true
    dependencies:
      lru-cache: 6.0.0
    dev: false

  /str2buf/1.3.0:
    resolution: {integrity: sha512-xIBmHIUHYZDP4HyoXGHYNVmxlXLXDrtFHYT0eV6IOdEj3VO9ccaF1Ejl9Oq8iFjITllpT8FhaXb4KsNmw+3EuA==}
    dev: false

  /strip-hex-prefix/1.0.0:
    resolution: {integrity: sha512-q8d4ue7JGEiVcypji1bALTos+0pWtyGlivAWyPuTkHzuTCJqrK9sWxYQZUq6Nq3cuyv3bm734IhHvHtGGURU6A==}
    engines: {node: '>=6.5.0', npm: '>=3'}
    dependencies:
      is-hex-prefixed: 1.0.0
    dev: false

  /supports-color/7.2.0:
    resolution: {integrity: sha512-qpCAvRl9stuOHveKsn7HncJRvv501qIacKzQlO/+Lwxc9+0q2wLyv4Dfvt80/DPn2pqOBsJdDiogXGR9+OvwRw==}
    engines: {node: '>=8'}
    dependencies:
      has-flag: 4.0.0
    dev: false
    optional: true

  /symbol.inspect/1.0.1:
    resolution: {integrity: sha512-YQSL4duoHmLhsTD1Pw8RW6TZ5MaTX5rXJnqacJottr2P2LZBF/Yvrc3ku4NUpMOm8aM0KOCqM+UAkMA5HWQCzQ==}
    dev: false

  /teslabot/1.5.0:
    resolution: {integrity: sha512-e2MmELhCgrgZEGo7PQu/6bmYG36IDH+YrBI1iGm6jovXkeDIGa3pZ2WSqRjzkuw2vt1EqfkZoV5GpXgqL8QJVg==}
    dev: false

  /tmp/0.2.1:
    resolution: {integrity: sha512-76SUhtfqR2Ijn+xllcI5P1oyannHNHByD80W1q447gU3mp9G9PSpGdWmjUOHRDPiHYacIk66W7ubDTuPF3BEtQ==}
    engines: {node: '>=8.17.0'}
    dependencies:
      rimraf: 3.0.2
    dev: false

  /to-regex-range/5.0.1:
    resolution: {integrity: sha512-65P7iz6X5yEr1cwcgvQxbbIw7Uk3gOy5dIdtZ4rDveLqhrdJP+Li/Hx6tyK0NEb+2GCyneCMJiGqrADCSNk8sQ==}
    engines: {node: '>=8.0'}
    dependencies:
      is-number: 7.0.0
    dev: false
    optional: true

  /ton-compiler/0.9.0:
    resolution: {integrity: sha512-7ZyjmSSmI8s/hd+H3c8qCzvUxDWLml4T8Lhr3DNAucadWhAXiVniTgPHHQNt5nbfZMvHKGevGw18pRkf5cFBZA==}
    hasBin: true
    dependencies:
      arg: 5.0.1
      tmp: 0.2.1
    dev: false

  /ton-contract-executor/0.5.2_ton@12.1.3:
    resolution: {integrity: sha512-S3zKHqfw1z1P/3y95cqL/D+XkRfi8FRM0b7RNBiuTxHii1f7WjIQRcu8iKf15+MGbZoOBfc9yb90SMx4zGqitQ==}
    peerDependencies:
      ton: '>=11.0.1'
    dependencies:
      bn.js: 5.2.1
      ton: 12.1.3
      ton-compiler: 0.9.0
    dev: false

  /ton-crypto-primitives/2.0.0:
    resolution: {integrity: sha512-K+qKjpS0h9sPW6oExcpxnzuQ7nEgHEiDKwIqE/jWD25o8iFGe3FWj1gKxFNbKE9wwYKc5IV8FwrU+raF0KO5nQ==}
    dependencies:
      jssha: 3.2.0
    dev: false

  /ton-crypto/2.1.0:
    resolution: {integrity: sha512-PZnmCOShfgq9tCRM8E7hG8nCkpkOyZvDLPXmZN92ZEBrfTT0NKKf0imndkxG5DkgWMjc6IKfgpnEaJDH9qN6ZQ==}
    dependencies:
      jssha: 3.2.0
      ton-crypto-primitives: 2.0.0
      tweetnacl: 1.0.3
    dev: false

  /ton-crypto/3.2.0:
    resolution: {integrity: sha512-fltdBNQ45gARMuGMEOjPZWPJ5eSql8p3CA0Dj7tPv5lhU5ziT8SxXLAzDraR9HJ8YpjBHLVvYyhMLRiEwxgtMQ==}
    dependencies:
      jssha: 3.2.0
      ton-crypto-primitives: 2.0.0
      tweetnacl: 1.0.3
    dev: false

  /ton/12.1.3:
    resolution: {integrity: sha512-ZkXyr2UkYEQfCX5QKY9xQfzLyM4MDZE+Lz7RICr74wS3fwk5lkJ1/KrQZqb2/DwtoBonEaiNjm6x+r86Q8peFA==}
    dependencies:
      axios: 0.25.0
      bn.js: 5.2.0
      dataloader: 2.1.0
      ethjs-unit: 0.1.6
      fp-ts: 2.12.3
      io-ts: 2.2.18_fp-ts@2.12.3
      io-ts-reporters: 2.0.1_fp-ts@2.12.3+io-ts@2.2.18
      symbol.inspect: 1.0.1
      teslabot: 1.5.0
      ton-crypto: 2.1.0
      tweetnacl: 1.0.3
    transitivePeerDependencies:
      - debug
    dev: false

  /tonweb/0.0.38:
    resolution: {integrity: sha512-553K+0LmsZcdhw+1SyGqlkMsncKjrgAe+88bKqhQ5b//G56mZc1KLvFKhpUQSR1GQZn54xpzZVqGZKhHiZK6vA==}
    dependencies:
      '@ledgerhq/hw-transport-web-ble': 5.48.0
      '@ledgerhq/hw-transport-webhid': 5.48.0
      '@ledgerhq/hw-transport-webusb': 5.48.0
      bn.js: 5.1.1
      ethjs-unit: 0.1.6
      isomorphic-webcrypto: 2.3.8
      node-fetch: 2.6.7
      tweetnacl: 1.0.3
    transitivePeerDependencies:
      - encoding
      - expo
      - react-native
    dev: false

  /tr46/0.0.3:
    resolution: {integrity: sha1-gYT9NH2snNwYWZLzpmIuFLnZq2o=}
    dev: false

  /tslib/1.14.1:
    resolution: {integrity: sha512-Xni35NKzjgMrwevysHTCArtLDpPvye8zV/0E4EyYn43P7/7qvQwPh9BGkHewbMulVntbigmcT7rdX3BNo9wRJg==}
    dev: false

  /tslib/2.4.0:
    resolution: {integrity: sha512-d6xOpEDfsi2CZVlPQzGeux8XMwLT9hssAsaPYExaQMuYskwb+x1x7J371tWlbBdWHroy99KnVB6qIkUbs5X3UQ==}
    dev: false

  /tweetnacl/1.0.3:
    resolution: {integrity: sha512-6rt+RN7aOi1nGMyC4Xa5DdYiukl2UWCbcJft7YhxReBGQD7OAM8Pbxw6YMo4r2diNEA8FEmu32YOn9rhaiE5yw==}
    dev: false

  /universalify/2.0.0:
    resolution: {integrity: sha512-hAZsKq7Yy11Zu1DE0OzWjw7nnLZmJZYTDZZyEFHZdUhV8FkH5MCfoU1XMaxXovpyW5nq5scPqq0ZDP9Zyl04oQ==}
    engines: {node: '>= 10.0.0'}
    dev: false
    optional: true

  /web-streams-polyfill/3.2.1:
    resolution: {integrity: sha512-e0MO3wdXWKrLbL0DgGnUV7WHVuw9OUvL4hjgnPkIeEvESk74gAITi5G606JtZPp39cd8HA9VQzCIvA49LpPN5Q==}
    engines: {node: '>= 8'}
    dev: false

  /webcrypto-core/1.7.5:
    resolution: {integrity: sha512-gaExY2/3EHQlRNNNVSrbG2Cg94Rutl7fAaKILS1w8ZDhGxdFOaw6EbCfHIxPy9vt/xwp5o0VQAx9aySPF6hU1A==}
    dependencies:
      '@peculiar/asn1-schema': 2.1.8
      '@peculiar/json-schema': 1.1.12
      asn1js: 3.0.5
      pvtsutils: 1.3.2
      tslib: 2.4.0
    dev: false

  /webcrypto-shim/0.1.7:
    resolution: {integrity: sha512-JAvAQR5mRNRxZW2jKigWMjCMkjSdmP5cColRP1U/pTg69VgHXEi1orv5vVpJ55Zc5MIaPc1aaurzd9pjv2bveg==}
    dev: false

  /webidl-conversions/3.0.1:
    resolution: {integrity: sha1-JFNCdeKnvGvnvIZhHMFq4KVlSHE=}
    dev: false

  /whatwg-url/5.0.0:
    resolution: {integrity: sha1-lmRU6HZUYuN2RNNib2dCzotwll0=}
    dependencies:
      tr46: 0.0.3
      webidl-conversions: 3.0.1
    dev: false

  /wrappy/1.0.2:
    resolution: {integrity: sha512-l4Sp/DRseor9wL6EvV2+TuQn63dMkPjZ/sp9XkghTEbV9KlPS1xUsZ3u7/IQO4wxtcFB4bgpQPRcR3QCvezPcQ==}
    dev: false

  /yallist/4.0.0:
    resolution: {integrity: sha512-3wdGidZyq5PB084XLES5TpOSRA3wjXAlIWMhum2kRcv/41Sn2emQ0dycQW4uZXLejwKvg6EsvbdlVL+FYEct7A==}
    dev: false

  /yocto-queue/0.1.0:
    resolution: {integrity: sha512-rVksvsnNCdJ/ohGc6xgPwyN8eheCxsiLM8mxuE/t/mOVqJewPuO1miLpTHQiRgTKCLexL4MeAFVagts7HmNZ2Q==}
    engines: {node: '>=10'}
    dev: false
    optional: true
